
Microsoft Visual Studio Solution File, Format Version 12.00
# Visual Studio 2013
VisualStudioVersion = 12.0.21005.1
MinimumVisualStudioVersion = 10.0.40219.1
Project("{FAE04EC0-301F-11D3-BF4B-00C04F79EFBC}") = "Hermés.Core", "Hermés.Core\Hermés.Core.csproj", "{F4B4A19B-12E0-46B2-873D-CCD72586556B}"
EndProject
Project("{FAE04EC0-301F-11D3-BF4B-00C04F79EFBC}") = "Hermés.Core.Test", "Hermés.Core.Test\Hermés.Core.Test.csproj", "{F6ADC25F-1FE8-492A-B279-F3EABCB8A951}"
EndProject
Global
	GlobalSection(SolutionConfigurationPlatforms) = preSolution
		Debug|Any CPU = Debug|Any CPU
		Release|Any CPU = Release|Any CPU
	EndGlobalSection
	GlobalSection(ProjectConfigurationPlatforms) = postSolution
		{F4B4A19B-12E0-46B2-873D-CCD72586556B}.Debug|Any CPU.ActiveCfg = Debug|Any CPU
		{F4B4A19B-12E0-46B2-873D-CCD72586556B}.Debug|Any CPU.Build.0 = Debug|Any CPU
		{F4B4A19B-12E0-46B2-873D-CCD72586556B}.Release|Any CPU.ActiveCfg = Release|Any CPU
		{F4B4A19B-12E0-46B2-873D-CCD72586556B}.Release|Any CPU.Build.0 = Release|Any CPU
		{F6ADC25F-1FE8-492A-B279-F3EABCB8A951}.Debug|Any CPU.ActiveCfg = Debug|Any CPU
		{F6ADC25F-1FE8-492A-B279-F3EABCB8A951}.Debug|Any CPU.Build.0 = Debug|Any CPU
		{F6ADC25F-1FE8-492A-B279-F3EABCB8A951}.Release|Any CPU.ActiveCfg = Release|Any CPU
		{F6ADC25F-1FE8-492A-B279-F3EABCB8A951}.Release|Any CPU.Build.0 = Release|Any CPU
	EndGlobalSection
	GlobalSection(SolutionProperties) = preSolution
		HideSolutionNode = FALSE
	EndGlobalSection
EndGlobal
